<?xml version="1.0" encoding="utf-8"?>
<Project ToolsVersion="4.0" xmlns="http://schemas.microsoft.com/developer/msbuild/2003">
  <ItemGroup>
    <Filter Include="Archivos de origen">
      <UniqueIdentifier>{4FC737F1-C7A5-4376-A066-2A32D752A2FF}</UniqueIdentifier>
      <Extensions>cpp;c;cc;cxx;c++;cppm;ixx;def;odl;idl;hpj;bat;asm;asmx</Extensions>
    </Filter>
    <Filter Include="Archivos de encabezado">
      <UniqueIdentifier>{93995380-89BD-4b04-88EB-625FBE52EBFB}</UniqueIdentifier>
      <Extensions>h;hh;hpp;hxx;h++;hm;inl;inc;ipp;xsd</Extensions>
    </Filter>
    <Filter Include="Archivos de recursos">
      <UniqueIdentifier>{67DA6AB6-F800-4c08-8B7A-83BB121AAD01}</UniqueIdentifier>
      <Extensions>rc;ico;cur;bmp;dlg;rc2;rct;bin;rgs;gif;jpg;jpeg;jpe;resx;tiff;tif;png;wav;mfcribbon-ms</Extensions>
    </Filter>
    <Filter Include="Archivos de encabezado\programingPa">
      <UniqueIdentifier>{96e258fa-965a-4fe7-956b-d78988f05d59}</UniqueIdentifier>
    </Filter>
    <Filter Include="Archivos de origen\ProgramingPa">
      <UniqueIdentifier>{e89af279-36f7-4e47-a6c1-2a3f684d19b2}</UniqueIdentifier>
    </Filter>
    <Filter Include="Archivos de origen\ProgramingPa\AbstractFactory">
      <UniqueIdentifier>{0a3d170a-75ab-4019-b87f-b1b8c78c9327}</UniqueIdentifier>
    </Filter>
    <Filter Include="Archivos de encabezado\programingPa\Builder">
      <UniqueIdentifier>{6763ed56-6df8-4518-85b3-152a72856bda}</UniqueIdentifier>
    </Filter>
    <Filter Include="Archivos de origen\ProgramingPa\Builder">
      <UniqueIdentifier>{ecaca919-c515-4808-b183-a10017bb5156}</UniqueIdentifier>
    </Filter>
  </ItemGroup>
  <ItemGroup>
    <ClInclude Include="include\Header.h">
      <Filter>Archivos de encabezado</Filter>
    </ClInclude>
    <ClInclude Include="include\programingPa\Builder\Builder.h">
      <Filter>Archivos de encabezado\programingPa\Builder</Filter>
    </ClInclude>
    <ClInclude Include="include\programingPa\Builder\BuilderConcret.h">
      <Filter>Archivos de encabezado\programingPa\Builder</Filter>
    </ClInclude>
    <ClInclude Include="include\programingPa\Builder\Producto.h">
      <Filter>Archivos de encabezado\programingPa\Builder</Filter>
    </ClInclude>
    <ClInclude Include="include\programingPa\Builder\Director.h">
      <Filter>Archivos de encabezado\programingPa\Builder</Filter>
    </ClInclude>
  </ItemGroup>
  <ItemGroup>
    <ClCompile Include="source\ProgramingPa\Main3.cpp">
      <Filter>Archivos de origen\ProgramingPa</Filter>
    </ClCompile>
    <ClCompile Include="source\ProgramingPa\Builder\BuilderConcret.cpp">
      <Filter>Archivos de origen\ProgramingPa\Builder</Filter>
    </ClCompile>
  </ItemGroup>
</Project>