<?xml version="1.0" encoding="utf-8"?>
<Project ToolsVersion="4.0" xmlns="http://schemas.microsoft.com/developer/msbuild/2003">
  <ItemGroup>
    <Filter Include="Archivos de origen">
      <UniqueIdentifier>{4FC737F1-C7A5-4376-A066-2A32D752A2FF}</UniqueIdentifier>
      <Extensions>cpp;c;cc;cxx;c++;cppm;ixx;def;odl;idl;hpj;bat;asm;asmx</Extensions>
    </Filter>
    <Filter Include="Archivos de encabezado">
      <UniqueIdentifier>{93995380-89BD-4b04-88EB-625FBE52EBFB}</UniqueIdentifier>
      <Extensions>h;hh;hpp;hxx;h++;hm;inl;inc;ipp;xsd</Extensions>
    </Filter>
    <Filter Include="Archivos de recursos">
      <UniqueIdentifier>{67DA6AB6-F800-4c08-8B7A-83BB121AAD01}</UniqueIdentifier>
      <Extensions>rc;ico;cur;bmp;dlg;rc2;rct;bin;rgs;gif;jpg;jpeg;jpe;resx;tiff;tif;png;wav;mfcribbon-ms</Extensions>
    </Filter>
    <Filter Include="Archivos de encabezado\programingPa">
      <UniqueIdentifier>{96e258fa-965a-4fe7-956b-d78988f05d59}</UniqueIdentifier>
    </Filter>
    <Filter Include="Archivos de origen\ProgramingPa">
      <UniqueIdentifier>{e89af279-36f7-4e47-a6c1-2a3f684d19b2}</UniqueIdentifier>
    </Filter>
    <Filter Include="Archivos de origen\ProgramingPa\AbstractFactory">
      <UniqueIdentifier>{0a3d170a-75ab-4019-b87f-b1b8c78c9327}</UniqueIdentifier>
    </Filter>
    <Filter Include="Archivos de encabezado\programingPa\Builder">
      <UniqueIdentifier>{6763ed56-6df8-4518-85b3-152a72856bda}</UniqueIdentifier>
    </Filter>
    <Filter Include="Archivos de origen\ProgramingPa\Builder">
      <UniqueIdentifier>{ecaca919-c515-4808-b183-a10017bb5156}</UniqueIdentifier>
    </Filter>
    <Filter Include="Archivos de encabezado\programingPa\Prototype">
      <UniqueIdentifier>{8298f5ba-1b57-47cd-923f-0c21bb6e76b1}</UniqueIdentifier>
    </Filter>
    <Filter Include="Archivos de origen\ProgramingPa\prototype">
      <UniqueIdentifier>{b6e65faa-309f-43df-91e3-cb38fd19ab5e}</UniqueIdentifier>
    </Filter>
    <Filter Include="Archivos de encabezado\programingPa\adapter">
      <UniqueIdentifier>{3f1b13b4-c922-4f89-90f8-9fc45d1003e5}</UniqueIdentifier>
    </Filter>
    <Filter Include="Archivos de encabezado\programingPa\Decorator">
      <UniqueIdentifier>{7e92901c-1a28-470a-835a-23d66036909b}</UniqueIdentifier>
    </Filter>
    <Filter Include="Archivos de encabezado\programingPa\Decorator\composite">
      <UniqueIdentifier>{f10e281e-f1ea-4e2a-9e80-0b8b6cf2c6b5}</UniqueIdentifier>
    </Filter>
    <Filter Include="Archivos de encabezado\programingPa\Proxy">
      <UniqueIdentifier>{905c4033-1bde-4f07-b3e4-653789b0015f}</UniqueIdentifier>
    </Filter>
    <Filter Include="Archivos de encabezado\programingPa\Observer">
      <UniqueIdentifier>{04632344-b56e-4880-86dd-f31c33fbbe38}</UniqueIdentifier>
    </Filter>
    <Filter Include="Archivos de encabezado\programingPa\Bringe">
      <UniqueIdentifier>{950ebc22-a497-4cd4-b715-675846aca786}</UniqueIdentifier>
    </Filter>
  </ItemGroup>
  <ItemGroup>
    <ClInclude Include="include\Header.h">
      <Filter>Archivos de encabezado</Filter>
    </ClInclude>
    <ClInclude Include="include\programingPa\Builder\Builder.h">
      <Filter>Archivos de encabezado\programingPa\Builder</Filter>
    </ClInclude>
    <ClInclude Include="include\programingPa\Builder\BuilderConcret.h">
      <Filter>Archivos de encabezado\programingPa\Builder</Filter>
    </ClInclude>
    <ClInclude Include="include\programingPa\Builder\Producto.h">
      <Filter>Archivos de encabezado\programingPa\Builder</Filter>
    </ClInclude>
    <ClInclude Include="include\programingPa\Builder\Director.h">
      <Filter>Archivos de encabezado\programingPa\Builder</Filter>
    </ClInclude>
    <ClInclude Include="include\programingPa\Builder\Pizza.h">
      <Filter>Archivos de encabezado\programingPa\Builder</Filter>
    </ClInclude>
    <ClInclude Include="include\programingPa\Builder\ConstructorPizza.h">
      <Filter>Archivos de encabezado\programingPa\Builder</Filter>
    </ClInclude>
    <ClInclude Include="include\programingPa\Builder\hawaiana.h">
      <Filter>Archivos de encabezado\programingPa\Builder</Filter>
    </ClInclude>
    <ClInclude Include="include\programingPa\Builder\vegetariana.h">
      <Filter>Archivos de encabezado\programingPa\Builder</Filter>
    </ClInclude>
    <ClInclude Include="include\programingPa\Prototype\Prototype.h">
      <Filter>Archivos de encabezado\programingPa\Prototype</Filter>
    </ClInclude>
    <ClInclude Include="include\programingPa\Prototype\ConcretPrototipe.h">
      <Filter>Archivos de encabezado\programingPa\Prototype</Filter>
    </ClInclude>
    <ClInclude Include="include\programingPa\Prototype\Documento.h">
      <Filter>Archivos de encabezado\programingPa\Prototype</Filter>
    </ClInclude>
    <ClInclude Include="include\programingPa\Prototype\DocPrototype.h">
      <Filter>Archivos de encabezado\programingPa\Prototype</Filter>
    </ClInclude>
    <ClInclude Include="include\programingPa\Prototype\Doctext.h">
      <Filter>Archivos de encabezado\programingPa\Prototype</Filter>
    </ClInclude>
    <ClInclude Include="include\programingPa\Prototype\Docimagen.h">
      <Filter>Archivos de encabezado\programingPa\Prototype</Filter>
    </ClInclude>
    <ClInclude Include="include\programingPa\adapter\interfaNew.h">
      <Filter>Archivos de encabezado\programingPa\adapter</Filter>
    </ClInclude>
    <ClInclude Include="include\programingPa\adapter\InterfasVieja.h">
      <Filter>Archivos de encabezado\programingPa\adapter</Filter>
    </ClInclude>
    <ClInclude Include="include\programingPa\adapter\AdapterInterfaz.h">
      <Filter>Archivos de encabezado\programingPa\adapter</Filter>
    </ClInclude>
    <ClInclude Include="include\programingPa\adapter\Circulodibujo.h">
      <Filter>Archivos de encabezado\programingPa\adapter</Filter>
    </ClInclude>
    <ClInclude Include="include\programingPa\adapter\Dibujable.h">
      <Filter>Archivos de encabezado\programingPa\adapter</Filter>
    </ClInclude>
    <ClInclude Include="include\programingPa\adapter\Adapterdibujos.h">
      <Filter>Archivos de encabezado\programingPa\adapter</Filter>
    </ClInclude>
    <ClInclude Include="include\programingPa\adapter\CuadradoDibujo.h">
      <Filter>Archivos de encabezado\programingPa\adapter</Filter>
    </ClInclude>
    <ClInclude Include="include\programingPa\Decorator\Componente.h">
      <Filter>Archivos de encabezado\programingPa\Decorator</Filter>
    </ClInclude>
    <ClInclude Include="include\programingPa\Decorator\Decorator.h">
      <Filter>Archivos de encabezado\programingPa\Decorator</Filter>
    </ClInclude>
    <ClInclude Include="include\programingPa\Decorator\DecoradorConA.h">
      <Filter>Archivos de encabezado\programingPa\Decorator</Filter>
    </ClInclude>
    <ClInclude Include="include\programingPa\Decorator\ConcretosComponente.h">
      <Filter>Archivos de encabezado\programingPa\Decorator</Filter>
    </ClInclude>
    <ClInclude Include="include\programingPa\Decorator\DecoradorConB.h">
      <Filter>Archivos de encabezado\programingPa\Decorator</Filter>
    </ClInclude>
    <ClInclude Include="include\programingPa\Decorator\Cafe.h">
      <Filter>Archivos de encabezado\programingPa\Decorator</Filter>
    </ClInclude>
    <ClInclude Include="include\programingPa\Decorator\Condimento.h">
      <Filter>Archivos de encabezado\programingPa\Decorator</Filter>
    </ClInclude>
    <ClInclude Include="include\programingPa\Decorator\DecoratorCafe.h">
      <Filter>Archivos de encabezado\programingPa\Decorator</Filter>
    </ClInclude>
    <ClInclude Include="include\programingPa\Decorator\DecoratorLeche.h">
      <Filter>Archivos de encabezado\programingPa\Decorator</Filter>
    </ClInclude>
    <ClInclude Include="include\programingPa\Decorator\AzucarDecorator.h">
      <Filter>Archivos de encabezado\programingPa\Decorator</Filter>
    </ClInclude>
    <ClInclude Include="include\programingPa\composite\Hoja.h">
      <Filter>Archivos de encabezado\programingPa\Decorator\composite</Filter>
    </ClInclude>
    <ClInclude Include="include\programingPa\composite\composite.h">
      <Filter>Archivos de encabezado\programingPa\Decorator\composite</Filter>
    </ClInclude>
    <ClInclude Include="include\programingPa\composite\Archivo.h">
      <Filter>Archivos de encabezado\programingPa\Decorator\composite</Filter>
    </ClInclude>
    <ClInclude Include="include\programingPa\composite\Sistema.h">
      <Filter>Archivos de encabezado\programingPa\Decorator\composite</Filter>
    </ClInclude>
    <ClInclude Include="include\programingPa\composite\carpeta.h">
      <Filter>Archivos de encabezado\programingPa\Decorator\composite</Filter>
    </ClInclude>
    <ClInclude Include="include\programingPa\composite\CompositeSitema.h">
      <Filter>Archivos de encabezado\programingPa\Decorator\composite</Filter>
    </ClInclude>
    <ClInclude Include="include\programingPa\Proxy\Sujeto.h">
      <Filter>Archivos de encabezado\programingPa\Proxy</Filter>
    </ClInclude>
    <ClInclude Include="include\programingPa\Proxy\proxy.h">
      <Filter>Archivos de encabezado\programingPa\Proxy</Filter>
    </ClInclude>
    <ClInclude Include="include\programingPa\Proxy\sujetoreal.h">
      <Filter>Archivos de encabezado\programingPa\Proxy</Filter>
    </ClInclude>
    <ClInclude Include="include\programingPa\Observer\Observer.h">
      <Filter>Archivos de encabezado\programingPa\Observer</Filter>
    </ClInclude>
    <ClInclude Include="include\programingPa\Observer\TemperatureSensor.h">
      <Filter>Archivos de encabezado\programingPa\Observer</Filter>
    </ClInclude>
    <ClInclude Include="include\programingPa\Observer\DisplayDivice.h">
      <Filter>Archivos de encabezado\programingPa\Observer</Filter>
    </ClInclude>
    <ClInclude Include="include\programingPa\Proxy\imagen.h">
      <Filter>Archivos de encabezado\programingPa\Proxy</Filter>
    </ClInclude>
    <ClInclude Include="include\programingPa\Proxy\Mostrar.h">
      <Filter>Archivos de encabezado\programingPa\Proxy</Filter>
    </ClInclude>
    <ClInclude Include="include\programingPa\Proxy\Proxyimagen.h">
      <Filter>Archivos de encabezado\programingPa\Proxy</Filter>
    </ClInclude>
    <ClInclude Include="include\programingPa\Bringe\ImplementacionConcretaA.h">
      <Filter>Archivos de encabezado\programingPa\Bringe</Filter>
    </ClInclude>
    <ClInclude Include="include\programingPa\Bringe\ImplementacionConcretaB.h">
      <Filter>Archivos de encabezado\programingPa\Bringe</Filter>
    </ClInclude>
    <ClInclude Include="include\programingPa\Bringe\Implementacion.h">
      <Filter>Archivos de encabezado\programingPa\Bringe</Filter>
    </ClInclude>
    <ClInclude Include="include\programingPa\Bringe\abstracion.h">
      <Filter>Archivos de encabezado\programingPa\Bringe</Filter>
    </ClInclude>
    <ClInclude Include="include\programingPa\Bringe\abstraccionDefinida.h">
      <Filter>Archivos de encabezado\programingPa\Bringe</Filter>
    </ClInclude>
    <ClInclude Include="include\programingPa\Bringe\Controlremoto.h">
      <Filter>Archivos de encabezado\programingPa\Bringe</Filter>
    </ClInclude>
    <ClInclude Include="include\programingPa\Bringe\Tv.h">
      <Filter>Archivos de encabezado\programingPa\Bringe</Filter>
    </ClInclude>
    <ClInclude Include="include\programingPa\Bringe\Dispositivo.h">
      <Filter>Archivos de encabezado\programingPa\Bringe</Filter>
    </ClInclude>
    <ClInclude Include="include\programingPa\Bringe\Radio.h">
      <Filter>Archivos de encabezado\programingPa\Bringe</Filter>
    </ClInclude>
  </ItemGroup>
  <ItemGroup>
    <ClCompile Include="source\ProgramingPa\Builder\BuilderConcret.cpp">
      <Filter>Archivos de origen\ProgramingPa\Builder</Filter>
    </ClCompile>
    <ClCompile Include="source\ProgramingPa\Main4.cpp">
      <Filter>Archivos de origen\ProgramingPa</Filter>
    </ClCompile>
  </ItemGroup>
</Project>